
Microsoft Visual Studio Solution File, Format Version 12.00
# Visual Studio Version 17
VisualStudioVersion = 17.7.34221.43
MinimumVisualStudioVersion = 10.0.40219.1
Project("{C9674DCB-5085-4A16-B785-4C70DD1589BD}") = "INFO SALES", "INFO SALES\INFO SALES.dtproj", "{BDD46EA4-830D-4862-8FCC-A7276C141B0A}"
EndProject
Project("{C9674DCB-5085-4A16-B785-4C70DD1589BD}") = "ROTINA ADM", "ROTINA ADM\ROTINA ADM.dtproj", "{37336F9B-5480-4C29-8F7E-97D08A1A8E20}"
EndProject
Project("{C9674DCB-5085-4A16-B785-4C70DD1589BD}") = "ASSESSMENT", "Assessment\ASSESSMENT.dtproj", "{FD4464F1-50C9-4890-8504-B1D321AC8457}"
EndProject
Project("{C9674DCB-5085-4A16-B785-4C70DD1589BD}") = "ACOES", "ACOES\ACOES.dtproj", "{989B78CC-8B42-44DE-ABBD-6B92AFB88FCF}"
EndProject
Project("{FAE04EC0-301F-11D3-BF4B-00C04F79EFBC}") = "BIBLIOTECAS", "Bibliotecas\BIBLIOTECAS.csproj", "{86110E65-9296-47B4-96E9-020E79436CC3}"
EndProject
Project("{C9674DCB-5085-4A16-B785-4C70DD1589BD}") = "DIVERSOS", "DIVERSOS\DIVERSOS.dtproj", "{D94F5990-A4DD-F6F1-E9AB-683CD3C522E9}"
EndProject
Global
	GlobalSection(SolutionConfigurationPlatforms) = preSolution
		Debug|Any CPU = Debug|Any CPU
		Development|Any CPU = Development|Any CPU
		Release|Any CPU = Release|Any CPU
	EndGlobalSection
	GlobalSection(ProjectConfigurationPlatforms) = postSolution
		{BDD46EA4-830D-4862-8FCC-A7276C141B0A}.Debug|Any CPU.ActiveCfg = Development
		{BDD46EA4-830D-4862-8FCC-A7276C141B0A}.Debug|Any CPU.Build.0 = Development
		{BDD46EA4-830D-4862-8FCC-A7276C141B0A}.Development|Any CPU.ActiveCfg = Development
		{BDD46EA4-830D-4862-8FCC-A7276C141B0A}.Development|Any CPU.Build.0 = Development
		{BDD46EA4-830D-4862-8FCC-A7276C141B0A}.Release|Any CPU.ActiveCfg = Development
		{BDD46EA4-830D-4862-8FCC-A7276C141B0A}.Release|Any CPU.Build.0 = Development
		{37336F9B-5480-4C29-8F7E-97D08A1A8E20}.Debug|Any CPU.ActiveCfg = Development
		{37336F9B-5480-4C29-8F7E-97D08A1A8E20}.Debug|Any CPU.Build.0 = Development
		{37336F9B-5480-4C29-8F7E-97D08A1A8E20}.Development|Any CPU.ActiveCfg = Development
		{37336F9B-5480-4C29-8F7E-97D08A1A8E20}.Development|Any CPU.Build.0 = Development
		{37336F9B-5480-4C29-8F7E-97D08A1A8E20}.Release|Any CPU.ActiveCfg = Development
		{37336F9B-5480-4C29-8F7E-97D08A1A8E20}.Release|Any CPU.Build.0 = Development
		{FD4464F1-50C9-4890-8504-B1D321AC8457}.Debug|Any CPU.ActiveCfg = Development
		{FD4464F1-50C9-4890-8504-B1D321AC8457}.Debug|Any CPU.Build.0 = Development
		{FD4464F1-50C9-4890-8504-B1D321AC8457}.Development|Any CPU.ActiveCfg = Development
		{FD4464F1-50C9-4890-8504-B1D321AC8457}.Development|Any CPU.Build.0 = Development
		{FD4464F1-50C9-4890-8504-B1D321AC8457}.Release|Any CPU.ActiveCfg = Development
		{FD4464F1-50C9-4890-8504-B1D321AC8457}.Release|Any CPU.Build.0 = Development
		{989B78CC-8B42-44DE-ABBD-6B92AFB88FCF}.Debug|Any CPU.ActiveCfg = Development
		{989B78CC-8B42-44DE-ABBD-6B92AFB88FCF}.Debug|Any CPU.Build.0 = Development
		{989B78CC-8B42-44DE-ABBD-6B92AFB88FCF}.Development|Any CPU.ActiveCfg = Development
		{989B78CC-8B42-44DE-ABBD-6B92AFB88FCF}.Development|Any CPU.Build.0 = Development
		{989B78CC-8B42-44DE-ABBD-6B92AFB88FCF}.Release|Any CPU.ActiveCfg = Development
		{989B78CC-8B42-44DE-ABBD-6B92AFB88FCF}.Release|Any CPU.Build.0 = Development
		{86110E65-9296-47B4-96E9-020E79436CC3}.Debug|Any CPU.ActiveCfg = Debug|Any CPU
		{86110E65-9296-47B4-96E9-020E79436CC3}.Debug|Any CPU.Build.0 = Debug|Any CPU
		{86110E65-9296-47B4-96E9-020E79436CC3}.Development|Any CPU.ActiveCfg = Release|Any CPU
		{86110E65-9296-47B4-96E9-020E79436CC3}.Development|Any CPU.Build.0 = Release|Any CPU
		{86110E65-9296-47B4-96E9-020E79436CC3}.Release|Any CPU.ActiveCfg = Release|Any CPU
		{86110E65-9296-47B4-96E9-020E79436CC3}.Release|Any CPU.Build.0 = Release|Any CPU
		{D94F5990-A4DD-F6F1-E9AB-683CD3C522E9}.Debug|Any CPU.ActiveCfg = Development
		{D94F5990-A4DD-F6F1-E9AB-683CD3C522E9}.Debug|Any CPU.Build.0 = Development
		{D94F5990-A4DD-F6F1-E9AB-683CD3C522E9}.Development|Any CPU.ActiveCfg = Development
		{D94F5990-A4DD-F6F1-E9AB-683CD3C522E9}.Development|Any CPU.Build.0 = Development
		{D94F5990-A4DD-F6F1-E9AB-683CD3C522E9}.Release|Any CPU.ActiveCfg = Development
		{D94F5990-A4DD-F6F1-E9AB-683CD3C522E9}.Release|Any CPU.Build.0 = Development
	EndGlobalSection
	GlobalSection(SolutionProperties) = preSolution
		HideSolutionNode = FALSE
	EndGlobalSection
	GlobalSection(ExtensibilityGlobals) = postSolution
		SolutionGuid = {DFAB431C-9873-4211-8427-8B980F8DD2AB}
	EndGlobalSection
EndGlobal
